
Microsoft Visual Studio Solution File, Format Version 12.00
# Visual Studio 15
VisualStudioVersion = 15.0.28307.489
MinimumVisualStudioVersion = 10.0.40219.1
Project("{9A19103F-16F7-4668-BE54-9A1E7A4F7556}") = "AuthorityUI", "AuthorityUI\AuthorityUI.csproj", "{11191F08-CF02-48B7-B8B2-2B0AF6115208}"
EndProject
Project("{9A19103F-16F7-4668-BE54-9A1E7A4F7556}") = "Authority.DomainModel", "Authority.DomainModel\Authority.DomainModel.csproj", "{CB25D9AC-FFFA-46E5-8021-9AA625EA569C}"
EndProject
Project("{9A19103F-16F7-4668-BE54-9A1E7A4F7556}") = "Authority.Infrastructure", "Authority.Infrastructure\Authority.Infrastructure.csproj", "{6076485E-F8A2-4205-94AB-634FE7D0BD19}"
EndProject
Global
	GlobalSection(SolutionConfigurationPlatforms) = preSolution
		Debug|Any CPU = Debug|Any CPU
		Release|Any CPU = Release|Any CPU
	EndGlobalSection
	GlobalSection(ProjectConfigurationPlatforms) = postSolution
		{11191F08-CF02-48B7-B8B2-2B0AF6115208}.Debug|Any CPU.ActiveCfg = Debug|Any CPU
		{11191F08-CF02-48B7-B8B2-2B0AF6115208}.Debug|Any CPU.Build.0 = Debug|Any CPU
		{11191F08-CF02-48B7-B8B2-2B0AF6115208}.Release|Any CPU.ActiveCfg = Release|Any CPU
		{11191F08-CF02-48B7-B8B2-2B0AF6115208}.Release|Any CPU.Build.0 = Release|Any CPU
		{CB25D9AC-FFFA-46E5-8021-9AA625EA569C}.Debug|Any CPU.ActiveCfg = Debug|Any CPU
		{CB25D9AC-FFFA-46E5-8021-9AA625EA569C}.Debug|Any CPU.Build.0 = Debug|Any CPU
		{CB25D9AC-FFFA-46E5-8021-9AA625EA569C}.Release|Any CPU.ActiveCfg = Release|Any CPU
		{CB25D9AC-FFFA-46E5-8021-9AA625EA569C}.Release|Any CPU.Build.0 = Release|Any CPU
		{6076485E-F8A2-4205-94AB-634FE7D0BD19}.Debug|Any CPU.ActiveCfg = Debug|Any CPU
		{6076485E-F8A2-4205-94AB-634FE7D0BD19}.Debug|Any CPU.Build.0 = Debug|Any CPU
		{6076485E-F8A2-4205-94AB-634FE7D0BD19}.Release|Any CPU.ActiveCfg = Release|Any CPU
		{6076485E-F8A2-4205-94AB-634FE7D0BD19}.Release|Any CPU.Build.0 = Release|Any CPU
	EndGlobalSection
	GlobalSection(SolutionProperties) = preSolution
		HideSolutionNode = FALSE
	EndGlobalSection
	GlobalSection(ExtensibilityGlobals) = postSolution
		SolutionGuid = {DA1E031E-5778-4605-A158-947CE4CFD122}
	EndGlobalSection
EndGlobal
